
Microsoft Visual Studio Solution File, Format Version 12.00
# Visual Studio 15
VisualStudioVersion = 15.0.28307.1525
MinimumVisualStudioVersion = 10.0.40219.1
Project("{8BC9CEB8-8B4A-11D0-8D11-00A0C91BC942}") = "SideBar", "SideBar\SideBar.vcxproj", "{B12702AD-ABFB-343A-A199-8E24837244A3}"
EndProject
Project("{8BC9CEB8-8B4A-11D0-8D11-00A0C91BC942}") = "SideBarApp", "SideBarApp\SideBarApp.vcxproj", "{A113DDB3-249A-4692-8998-2D6483D1F076}"
EndProject
Global
	GlobalSection(SolutionConfigurationPlatforms) = preSolution
		Debug|x64 = Debug|x64
		Release|x64 = Release|x64
	EndGlobalSection
	GlobalSection(ProjectConfigurationPlatforms) = postSolution
		{B12702AD-ABFB-343A-A199-8E24837244A3}.Debug|x64.ActiveCfg = Debug|x64
		{B12702AD-ABFB-343A-A199-8E24837244A3}.Debug|x64.Build.0 = Debug|x64
		{B12702AD-ABFB-343A-A199-8E24837244A3}.Release|x64.ActiveCfg = Release|x64
		{B12702AD-ABFB-343A-A199-8E24837244A3}.Release|x64.Build.0 = Release|x64
		{A113DDB3-249A-4692-8998-2D6483D1F076}.Debug|x64.ActiveCfg = Debug|x64
		{A113DDB3-249A-4692-8998-2D6483D1F076}.Debug|x64.Build.0 = Debug|x64
		{A113DDB3-249A-4692-8998-2D6483D1F076}.Release|x64.ActiveCfg = Release|x64
		{A113DDB3-249A-4692-8998-2D6483D1F076}.Release|x64.Build.0 = Release|x64
	EndGlobalSection
	GlobalSection(SolutionProperties) = preSolution
		HideSolutionNode = FALSE
	EndGlobalSection
	GlobalSection(ExtensibilityGlobals) = postSolution
		SolutionGuid = {2AAF9705-B970-434A-BF75-834048893670}
	EndGlobalSection
EndGlobal
